// !$*UTF8*$!
{
	archiveVersion = 1;
	classes = {
	};
	objectVersion = 51;
	objects = {

/* Begin PBXBuildFile section */
		20335699241668E500F628E8 /* ViewController.swift in Sources */ = {isa = PBXBuildFile; fileRef = 2033568D241668E500F628E8 /* ViewController.swift */; };
		2033569A241668E500F628E8 /* Assets.xcassets in Resources */ = {isa = PBXBuildFile; fileRef = 2033568F241668E500F628E8 /* Assets.xcassets */; };
		2033569B241668E500F628E8 /* AppDelegate.swift in Sources */ = {isa = PBXBuildFile; fileRef = 20335690241668E500F628E8 /* AppDelegate.swift */; };
		2033569C241668E500F628E8 /* LaunchScreen.storyboard in Resources */ = {isa = PBXBuildFile; fileRef = 20335692241668E500F628E8 /* LaunchScreen.storyboard */; };
		2033569D241668E500F628E8 /* Main.storyboard in Resources */ = {isa = PBXBuildFile; fileRef = 20335694241668E500F628E8 /* Main.storyboard */; };
		2043B51D2488240200FF8AD8 /* CoreNFC.framework in Frameworks */ = {isa = PBXBuildFile; fileRef = 2043B51C2488240200FF8AD8 /* CoreNFC.framework */; };
		205B3F182417E7CB0049E418 /* AudioToolbox.framework in Frameworks */ = {isa = PBXBuildFile; fileRef = 205B3F172417E7CB0049E418 /* AudioToolbox.framework */; };
		205B3F1A2417E7D90049E418 /* AVFoundation.framework in Frameworks */ = {isa = PBXBuildFile; fileRef = 205B3F192417E7D90049E418 /* AVFoundation.framework */; };
		205B3F1C2417E7DD0049E418 /* CoreMedia.framework in Frameworks */ = {isa = PBXBuildFile; fileRef = 205B3F1B2417E7DD0049E418 /* CoreMedia.framework */; };
		205B3F1E2417E7E80049E418 /* libc++.tbd in Frameworks */ = {isa = PBXBuildFile; fileRef = 205B3F1D2417E7E80049E418 /* libc++.tbd */; };
		205B3F202417E7F20049E418 /* libiconv.tbd in Frameworks */ = {isa = PBXBuildFile; fileRef = 205B3F1F2417E7F20049E418 /* libiconv.tbd */; };
		205B3F222417E7FF0049E418 /* libz.tbd in Frameworks */ = {isa = PBXBuildFile; fileRef = 205B3F212417E7FF0049E418 /* libz.tbd */; };
/* End PBXBuildFile section */

/* Begin PBXFileReference section */
		2033568D241668E500F628E8 /* ViewController.swift */ = {isa = PBXFileReference; fileEncoding = 4; lastKnownFileType = sourcecode.swift; path = ViewController.swift; sourceTree = "<group>"; };
		2033568F241668E500F628E8 /* Assets.xcassets */ = {isa = PBXFileReference; lastKnownFileType = folder.assetcatalog; path = Assets.xcassets; sourceTree = "<group>"; };
		20335690241668E500F628E8 /* AppDelegate.swift */ = {isa = PBXFileReference; fileEncoding = 4; lastKnownFileType = sourcecode.swift; path = AppDelegate.swift; sourceTree = "<group>"; };
		20335693241668E500F628E8 /* Base */ = {isa = PBXFileReference; lastKnownFileType = file.storyboard; name = Base; path = Base.lproj/LaunchScreen.storyboard; sourceTree = "<group>"; };
		20335695241668E500F628E8 /* Base */ = {isa = PBXFileReference; lastKnownFileType = file.storyboard; name = Base; path = Base.lproj/Main.storyboard; sourceTree = "<group>"; };
		20335696241668E500F628E8 /* Output.xcfilelist */ = {isa = PBXFileReference; fileEncoding = 4; lastKnownFileType = text.xcfilelist; path = Output.xcfilelist; sourceTree = "<group>"; };
		20335697241668E500F628E8 /* Input.xcfilelist */ = {isa = PBXFileReference; fileEncoding = 4; lastKnownFileType = text.xcfilelist; path = Input.xcfilelist; sourceTree = "<group>"; };
		20335698241668E500F628E8 /* Info.plist */ = {isa = PBXFileReference; fileEncoding = 4; lastKnownFileType = text.plist.xml; path = Info.plist; sourceTree = "<group>"; };
		2043B51C2488240200FF8AD8 /* CoreNFC.framework */ = {isa = PBXFileReference; lastKnownFileType = wrapper.framework; name = CoreNFC.framework; path = System/Library/Frameworks/CoreNFC.framework; sourceTree = SDKROOT; };
		2043B527248829FF00FF8AD8 /* Sample.entitlements */ = {isa = PBXFileReference; lastKnownFileType = text.plist.entitlements; path = Sample.entitlements; sourceTree = "<group>"; };
		205B3F172417E7CB0049E418 /* AudioToolbox.framework */ = {isa = PBXFileReference; lastKnownFileType = wrapper.framework; name = AudioToolbox.framework; path = System/Library/Frameworks/AudioToolbox.framework; sourceTree = SDKROOT; };
		205B3F192417E7D90049E418 /* AVFoundation.framework */ = {isa = PBXFileReference; lastKnownFileType = wrapper.framework; name = AVFoundation.framework; path = System/Library/Frameworks/AVFoundation.framework; sourceTree = SDKROOT; };
		205B3F1B2417E7DD0049E418 /* CoreMedia.framework */ = {isa = PBXFileReference; lastKnownFileType = wrapper.framework; name = CoreMedia.framework; path = System/Library/Frameworks/CoreMedia.framework; sourceTree = SDKROOT; };
		205B3F1D2417E7E80049E418 /* libc++.tbd */ = {isa = PBXFileReference; lastKnownFileType = "sourcecode.text-based-dylib-definition"; name = "libc++.tbd"; path = "usr/lib/libc++.tbd"; sourceTree = SDKROOT; };
		205B3F1F2417E7F20049E418 /* libiconv.tbd */ = {isa = PBXFileReference; lastKnownFileType = "sourcecode.text-based-dylib-definition"; name = libiconv.tbd; path = usr/lib/libiconv.tbd; sourceTree = SDKROOT; };
		205B3F212417E7FF0049E418 /* libz.tbd */ = {isa = PBXFileReference; lastKnownFileType = "sourcecode.text-based-dylib-definition"; name = libz.tbd; path = usr/lib/libz.tbd; sourceTree = SDKROOT; };
		20ABE58C2422536E00E5A97E /* Cartfile */ = {isa = PBXFileReference; fileEncoding = 4; lastKnownFileType = text; path = Cartfile; sourceTree = "<group>"; };
		5F95E25D221B1333007B6035 /* Sample.app */ = {isa = PBXFileReference; explicitFileType = wrapper.application; includeInIndex = 0; path = Sample.app; sourceTree = BUILT_PRODUCTS_DIR; };
/* End PBXFileReference section */

/* Begin PBXFrameworksBuildPhase section */
		205B3F152417E7BC0049E418 /* Frameworks */ = {
			isa = PBXFrameworksBuildPhase;
			buildActionMask = 2147483647;
			files = (
				205B3F182417E7CB0049E418 /* AudioToolbox.framework in Frameworks */,
				205B3F1A2417E7D90049E418 /* AVFoundation.framework in Frameworks */,
				205B3F1C2417E7DD0049E418 /* CoreMedia.framework in Frameworks */,
				2043B51D2488240200FF8AD8 /* CoreNFC.framework in Frameworks */,
				205B3F222417E7FF0049E418 /* libz.tbd in Frameworks */,
				205B3F202417E7F20049E418 /* libiconv.tbd in Frameworks */,
				205B3F1E2417E7E80049E418 /* libc++.tbd in Frameworks */,
			);
			runOnlyForDeploymentPostprocessing = 0;
		};
/* End PBXFrameworksBuildPhase section */

/* Begin PBXGroup section */
		2033568B241668E500F628E8 /* Sources */ = {
			isa = PBXGroup;
			children = (
				2033568C241668E500F628E8 /* Sample */,
			);
			path = Sources;
			sourceTree = "<group>";
		};
		2033568C241668E500F628E8 /* Sample */ = {
			isa = PBXGroup;
			children = (
				20335690241668E500F628E8 /* AppDelegate.swift */,
				2033568D241668E500F628E8 /* ViewController.swift */,
				20335691241668E500F628E8 /* SupportingFiles */,
			);
			path = Sample;
			sourceTree = "<group>";
		};
		20335691241668E500F628E8 /* SupportingFiles */ = {
			isa = PBXGroup;
			children = (
				2043B527248829FF00FF8AD8 /* Sample.entitlements */,
				20335698241668E500F628E8 /* Info.plist */,
				2033568F241668E500F628E8 /* Assets.xcassets */,
				20335697241668E500F628E8 /* Input.xcfilelist */,
				20335696241668E500F628E8 /* Output.xcfilelist */,
				20335692241668E500F628E8 /* LaunchScreen.storyboard */,
				20335694241668E500F628E8 /* Main.storyboard */,
			);
			path = SupportingFiles;
			sourceTree = "<group>";
		};
		205B3F162417E7CB0049E418 /* Frameworks */ = {
			isa = PBXGroup;
			children = (
				205B3F172417E7CB0049E418 /* AudioToolbox.framework */,
				205B3F192417E7D90049E418 /* AVFoundation.framework */,
				205B3F1B2417E7DD0049E418 /* CoreMedia.framework */,
				2043B51C2488240200FF8AD8 /* CoreNFC.framework */,
				205B3F1D2417E7E80049E418 /* libc++.tbd */,
				205B3F1F2417E7F20049E418 /* libiconv.tbd */,
				205B3F212417E7FF0049E418 /* libz.tbd */,
			);
			name = Frameworks;
			sourceTree = "<group>";
		};
		5F95E254221B1333007B6035 = {
			isa = PBXGroup;
			children = (
				20ABE58C2422536E00E5A97E /* Cartfile */,
				205B3F162417E7CB0049E418 /* Frameworks */,
				5F95E25E221B1333007B6035 /* Products */,
				2033568B241668E500F628E8 /* Sources */,
			);
			sourceTree = "<group>";
		};
		5F95E25E221B1333007B6035 /* Products */ = {
			isa = PBXGroup;
			children = (
				5F95E25D221B1333007B6035 /* Sample.app */,
			);
			name = Products;
			sourceTree = "<group>";
		};
/* End PBXGroup section */

/* Begin PBXNativeTarget section */
		5F95E25C221B1333007B6035 /* Sample */ = {
			isa = PBXNativeTarget;
			buildConfigurationList = 5F95E285221B1334007B6035 /* Build configuration list for PBXNativeTarget "Sample" */;
			buildPhases = (
				5F95E259221B1333007B6035 /* Sources */,
				205B3F152417E7BC0049E418 /* Frameworks */,
				5F95E25B221B1333007B6035 /* Resources */,
				5FFBB8012317DF3F0055D814 /* Copy Frameworks */,
			);
			buildRules = (
			);
			dependencies = (
			);
			name = Sample;
			productName = Sample;
			productReference = 5F95E25D221B1333007B6035 /* Sample.app */;
			productType = "com.apple.product-type.application";
		};
/* End PBXNativeTarget section */

/* Begin PBXProject section */
		5F95E255221B1333007B6035 /* Project object */ = {
			isa = PBXProject;
			attributes = {
				LastSwiftUpdateCheck = 1010;
				LastUpgradeCheck = 1130;
				ORGANIZATIONNAME = "Yoti Ltd";
				TargetAttributes = {
					5F95E25C221B1333007B6035 = {
						CreatedOnToolsVersion = 10.1;
						LastSwiftMigration = 1020;
					};
				};
			};
			buildConfigurationList = 5F95E258221B1333007B6035 /* Build configuration list for PBXProject "Sample" */;
			compatibilityVersion = "Xcode 9.3";
			developmentRegion = en;
			hasScannedForEncodings = 0;
			knownRegions = (
				en,
				Base,
			);
			mainGroup = 5F95E254221B1333007B6035;
			productRefGroup = 5F95E25E221B1333007B6035 /* Products */;
			projectDirPath = "";
			projectRoot = "";
			targets = (
				5F95E25C221B1333007B6035 /* Sample */,
			);
		};
/* End PBXProject section */

/* Begin PBXResourcesBuildPhase section */
		5F95E25B221B1333007B6035 /* Resources */ = {
			isa = PBXResourcesBuildPhase;
			buildActionMask = 2147483647;
			files = (
				2033569A241668E500F628E8 /* Assets.xcassets in Resources */,
				2033569D241668E500F628E8 /* Main.storyboard in Resources */,
				2033569C241668E500F628E8 /* LaunchScreen.storyboard in Resources */,
			);
			runOnlyForDeploymentPostprocessing = 0;
		};
/* End PBXResourcesBuildPhase section */

/* Begin PBXShellScriptBuildPhase section */
		5FFBB8012317DF3F0055D814 /* Copy Frameworks */ = {
			isa = PBXShellScriptBuildPhase;
			buildActionMask = 2147483647;
			files = (
			);
			inputFileListPaths = (
				"$(SRCROOT)/Sources/Sample/SupportingFiles/Input.xcfilelist",
			);
			inputPaths = (
			);
			name = "Copy Frameworks";
			outputFileListPaths = (
				"$(SRCROOT)/Sources/Sample/SupportingFiles/Output.xcfilelist",
			);
			outputPaths = (
			);
			runOnlyForDeploymentPostprocessing = 0;
			shellPath = /bin/sh;
			shellScript = "/usr/local/bin/carthage copy-frameworks\n";
		};
/* End PBXShellScriptBuildPhase section */

/* Begin PBXSourcesBuildPhase section */
		5F95E259221B1333007B6035 /* Sources */ = {
			isa = PBXSourcesBuildPhase;
			buildActionMask = 2147483647;
			files = (
				2033569B241668E500F628E8 /* AppDelegate.swift in Sources */,
				20335699241668E500F628E8 /* ViewController.swift in Sources */,
			);
			runOnlyForDeploymentPostprocessing = 0;
		};
/* End PBXSourcesBuildPhase section */

/* Begin PBXVariantGroup section */
		20335692241668E500F628E8 /* LaunchScreen.storyboard */ = {
			isa = PBXVariantGroup;
			children = (
				20335693241668E500F628E8 /* Base */,
			);
			name = LaunchScreen.storyboard;
			sourceTree = "<group>";
		};
		20335694241668E500F628E8 /* Main.storyboard */ = {
			isa = PBXVariantGroup;
			children = (
				20335695241668E500F628E8 /* Base */,
			);
			name = Main.storyboard;
			sourceTree = "<group>";
		};
/* End PBXVariantGroup section */

/* Begin XCBuildConfiguration section */
		202A59BB24197E3F008B6966 /* Release */ = {
			isa = XCBuildConfiguration;
			buildSettings = {
				ALWAYS_SEARCH_USER_PATHS = NO;
				CLANG_ANALYZER_NONNULL = YES;
				CLANG_ANALYZER_NUMBER_OBJECT_CONVERSION = YES_AGGRESSIVE;
				CLANG_CXX_LANGUAGE_STANDARD = "gnu++14";
				CLANG_CXX_LIBRARY = "libc++";
				CLANG_ENABLE_MODULES = YES;
				CLANG_ENABLE_OBJC_ARC = YES;
				CLANG_ENABLE_OBJC_WEAK = YES;
				CLANG_WARN_BLOCK_CAPTURE_AUTORELEASING = YES;
				CLANG_WARN_BOOL_CONVERSION = YES;
				CLANG_WARN_COMMA = YES;
				CLANG_WARN_CONSTANT_CONVERSION = YES;
				CLANG_WARN_DEPRECATED_OBJC_IMPLEMENTATIONS = YES;
				CLANG_WARN_DIRECT_OBJC_ISA_USAGE = YES_ERROR;
				CLANG_WARN_DOCUMENTATION_COMMENTS = YES;
				CLANG_WARN_EMPTY_BODY = YES;
				CLANG_WARN_ENUM_CONVERSION = YES;
				CLANG_WARN_INFINITE_RECURSION = YES;
				CLANG_WARN_INT_CONVERSION = YES;
				CLANG_WARN_NON_LITERAL_NULL_CONVERSION = YES;
				CLANG_WARN_OBJC_IMPLICIT_RETAIN_SELF = YES;
				CLANG_WARN_OBJC_LITERAL_CONVERSION = YES;
				CLANG_WARN_OBJC_ROOT_CLASS = YES_ERROR;
				CLANG_WARN_RANGE_LOOP_ANALYSIS = YES;
				CLANG_WARN_STRICT_PROTOTYPES = YES;
				CLANG_WARN_SUSPICIOUS_MOVE = YES;
				CLANG_WARN_UNGUARDED_AVAILABILITY = YES_AGGRESSIVE;
				CLANG_WARN_UNREACHABLE_CODE = YES;
				CLANG_WARN__DUPLICATE_METHOD_MATCH = YES;
				CODE_SIGN_IDENTITY = "iPhone Developer";
				COPY_PHASE_STRIP = NO;
				DEBUG_INFORMATION_FORMAT = "dwarf-with-dsym";
				ENABLE_NS_ASSERTIONS = NO;
				ENABLE_STRICT_OBJC_MSGSEND = YES;
				FRAMEWORK_SEARCH_PATHS = (
					"${SRCROOT}/Carthage/Build/iOS",
					"${SRCROOT}/Carthage/Checkouts/**",
				);
				GCC_C_LANGUAGE_STANDARD = gnu11;
				GCC_NO_COMMON_BLOCKS = YES;
				GCC_OPTIMIZATION_LEVEL = z;
				GCC_WARN_64_TO_32_BIT_CONVERSION = YES;
				GCC_WARN_ABOUT_RETURN_TYPE = YES_ERROR;
				GCC_WARN_UNDECLARED_SELECTOR = YES;
				GCC_WARN_UNINITIALIZED_AUTOS = YES_AGGRESSIVE;
				GCC_WARN_UNUSED_FUNCTION = YES;
				GCC_WARN_UNUSED_VARIABLE = YES;
				IPHONEOS_DEPLOYMENT_TARGET = 11.0;
				LD_RUNPATH_SEARCH_PATHS = (
					"@loader_path/Frameworks",
					"@executable_path/Frameworks",
				);
				MTL_ENABLE_DEBUG_INFO = NO;
				MTL_FAST_MATH = YES;
				OTHER_CFLAGS = "";
				PRODUCT_BUNDLE_IDENTIFIER = com.yoti.mobile.ios.sdk.Sample;
				SDKROOT = iphoneos;
				SWIFT_COMPILATION_MODE = wholemodule;
				SWIFT_OPTIMIZATION_LEVEL = "-Osize";
				SWIFT_VERSION = 5.0;
				VALIDATE_PRODUCT = YES;
			};
			name = Release;
		};
		202A59BC24197E3F008B6966 /* Release */ = {
			isa = XCBuildConfiguration;
			buildSettings = {
				ASSETCATALOG_COMPILER_APPICON_NAME = AppIcon;
				CODE_SIGN_ENTITLEMENTS = "$(SRCROOT)/Sources/Sample/SupportingFiles/Sample.entitlements";
				CODE_SIGN_IDENTITY = "iPhone Developer";
				CODE_SIGN_STYLE = Automatic;
				CURRENT_PROJECT_VERSION = 1;
				DEVELOPMENT_TEAM = 6VUTP72GG4;
				ENABLE_BITCODE = YES;
				FRAMEWORK_SEARCH_PATHS = "$(inherited)";
				GCC_WARN_INHIBIT_ALL_WARNINGS = NO;
				HEADER_SEARCH_PATHS = "";
				INFOPLIST_FILE = "$(SRCROOT)/Sources/Sample/SupportingFiles/Info.plist";
				IPHONEOS_DEPLOYMENT_TARGET = 11.0;
				LD_RUNPATH_SEARCH_PATHS = "$(inherited)";
				MARKETING_VERSION = 2.6.2;
				OTHER_CFLAGS = "";
				OTHER_SWIFT_FLAGS = "";
				PRODUCT_BUNDLE_IDENTIFIER = com.yoti.mobile.ios.sdk.yds.Sample;
				PRODUCT_NAME = "$(TARGET_NAME)";
				PROVISIONING_PROFILE_SPECIFIER = "";
				SWIFT_VERSION = 5.0;
				TARGETED_DEVICE_FAMILY = 1;
				USE_HEADERMAP = YES;
			};
			name = Release;
		};
		5F410CDF221B29A300979E20 /* Debug */ = {
			isa = XCBuildConfiguration;
			buildSettings = {
				ALWAYS_SEARCH_USER_PATHS = NO;
				CLANG_ANALYZER_NONNULL = YES;
				CLANG_ANALYZER_NUMBER_OBJECT_CONVERSION = YES_AGGRESSIVE;
				CLANG_CXX_LANGUAGE_STANDARD = "gnu++14";
				CLANG_CXX_LIBRARY = "libc++";
				CLANG_ENABLE_MODULES = YES;
				CLANG_ENABLE_OBJC_ARC = YES;
				CLANG_ENABLE_OBJC_WEAK = YES;
				CLANG_WARN_BLOCK_CAPTURE_AUTORELEASING = YES;
				CLANG_WARN_BOOL_CONVERSION = YES;
				CLANG_WARN_COMMA = YES;
				CLANG_WARN_CONSTANT_CONVERSION = YES;
				CLANG_WARN_DEPRECATED_OBJC_IMPLEMENTATIONS = YES;
				CLANG_WARN_DIRECT_OBJC_ISA_USAGE = YES_ERROR;
				CLANG_WARN_DOCUMENTATION_COMMENTS = YES;
				CLANG_WARN_EMPTY_BODY = YES;
				CLANG_WARN_ENUM_CONVERSION = YES;
				CLANG_WARN_INFINITE_RECURSION = YES;
				CLANG_WARN_INT_CONVERSION = YES;
				CLANG_WARN_NON_LITERAL_NULL_CONVERSION = YES;
				CLANG_WARN_OBJC_IMPLICIT_RETAIN_SELF = YES;
				CLANG_WARN_OBJC_LITERAL_CONVERSION = YES;
				CLANG_WARN_OBJC_ROOT_CLASS = YES_ERROR;
				CLANG_WARN_RANGE_LOOP_ANALYSIS = YES;
				CLANG_WARN_STRICT_PROTOTYPES = YES;
				CLANG_WARN_SUSPICIOUS_MOVE = YES;
				CLANG_WARN_UNGUARDED_AVAILABILITY = YES_AGGRESSIVE;
				CLANG_WARN_UNREACHABLE_CODE = YES;
				CLANG_WARN__DUPLICATE_METHOD_MATCH = YES;
				CODE_SIGN_IDENTITY = "iPhone Developer";
				COPY_PHASE_STRIP = NO;
				DEBUG_INFORMATION_FORMAT = "dwarf-with-dsym";
				ENABLE_NS_ASSERTIONS = NO;
				ENABLE_STRICT_OBJC_MSGSEND = YES;
				ENABLE_TESTABILITY = YES;
				FRAMEWORK_SEARCH_PATHS = (
					"${SRCROOT}/Carthage/Build/iOS",
					"${SRCROOT}/Carthage/Checkouts/**",
				);
				GCC_C_LANGUAGE_STANDARD = gnu11;
				GCC_NO_COMMON_BLOCKS = YES;
				GCC_OPTIMIZATION_LEVEL = 0;
				GCC_WARN_64_TO_32_BIT_CONVERSION = YES;
				GCC_WARN_ABOUT_RETURN_TYPE = YES_ERROR;
				GCC_WARN_UNDECLARED_SELECTOR = YES;
				GCC_WARN_UNINITIALIZED_AUTOS = YES_AGGRESSIVE;
				GCC_WARN_UNUSED_FUNCTION = YES;
				GCC_WARN_UNUSED_VARIABLE = YES;
				IPHONEOS_DEPLOYMENT_TARGET = 11.0;
				LD_RUNPATH_SEARCH_PATHS = (
					"@loader_path/Frameworks",
					"@executable_path/Frameworks",
				);
				MTL_ENABLE_DEBUG_INFO = NO;
				MTL_FAST_MATH = YES;
				ONLY_ACTIVE_ARCH = YES;
				OTHER_CFLAGS = "";
				PRODUCT_BUNDLE_IDENTIFIER = com.yoti.mobile.ios.sdk.Sample;
				SDKROOT = iphoneos;
				SWIFT_OPTIMIZATION_LEVEL = "-Onone";
				SWIFT_VERSION = 5.0;
				VALIDATE_PRODUCT = YES;
			};
			name = Debug;
		};
		5F410CE0221B29A300979E20 /* Debug */ = {
			isa = XCBuildConfiguration;
			buildSettings = {
				ASSETCATALOG_COMPILER_APPICON_NAME = AppIcon;
				CODE_SIGN_ENTITLEMENTS = "$(SRCROOT)/Sources/Sample/SupportingFiles/Sample.entitlements";
				CODE_SIGN_IDENTITY = "iPhone Developer";
				CODE_SIGN_STYLE = Automatic;
				CURRENT_PROJECT_VERSION = 1;
				DEVELOPMENT_TEAM = 6VUTP72GG4;
				ENABLE_BITCODE = YES;
				FRAMEWORK_SEARCH_PATHS = "$(inherited)";
				GCC_WARN_INHIBIT_ALL_WARNINGS = NO;
				HEADER_SEARCH_PATHS = "";
				INFOPLIST_FILE = "$(SRCROOT)/Sources/Sample/SupportingFiles/Info.plist";
				IPHONEOS_DEPLOYMENT_TARGET = 11.0;
				LD_RUNPATH_SEARCH_PATHS = "$(inherited)";
				MARKETING_VERSION = 2.6.2;
				OTHER_CFLAGS = "";
				OTHER_SWIFT_FLAGS = "";
				PRODUCT_BUNDLE_IDENTIFIER = com.yoti.mobile.ios.sdk.yds.Sample;
				PRODUCT_NAME = "$(TARGET_NAME)";
				PROVISIONING_PROFILE_SPECIFIER = "";
				SWIFT_VERSION = 5.0;
				TARGETED_DEVICE_FAMILY = 1;
				USE_HEADERMAP = YES;
			};
			name = Debug;
		};
/* End XCBuildConfiguration section */

/* Begin XCConfigurationList section */
		5F95E258221B1333007B6035 /* Build configuration list for PBXProject "Sample" */ = {
			isa = XCConfigurationList;
			buildConfigurations = (
				5F410CDF221B29A300979E20 /* Debug */,
				202A59BB24197E3F008B6966 /* Release */,
			);
			defaultConfigurationIsVisible = 0;
			defaultConfigurationName = Release;
		};
		5F95E285221B1334007B6035 /* Build configuration list for PBXNativeTarget "Sample" */ = {
			isa = XCConfigurationList;
			buildConfigurations = (
				5F410CE0221B29A300979E20 /* Debug */,
				202A59BC24197E3F008B6966 /* Release */,
			);
			defaultConfigurationIsVisible = 0;
			defaultConfigurationName = Release;
		};
/* End XCConfigurationList section */
	};
	rootObject = 5F95E255221B1333007B6035 /* Project object */;
}
